
Microsoft Visual Studio Solution File, Format Version 12.00
# Visual Studio 15
VisualStudioVersion = 15.0.28010.2003
MinimumVisualStudioVersion = 10.0.40219.1
Project("{8BC9CEB8-8B4A-11D0-8D11-00A0C91BC942}") = "dvector", "dvector\dvector.vcxproj", "{7DD55327-3E15-40A0-8C11-E5523DA51A19}"
EndProject
Project("{8BC9CEB8-8B4A-11D0-8D11-00A0C91BC942}") = "test", "test\test.vcxproj", "{5672DA23-B37B-422C-AA62-30ABEFE4876C}"
EndProject
Project("{8BC9CEB8-8B4A-11D0-8D11-00A0C91BC942}") = "benchmark", "benchmark\benchmark.vcxproj", "{05074620-AF1F-45BF-992C-C24E95387C63}"
EndProject
Project("{8BC9CEB8-8B4A-11D0-8D11-00A0C91BC942}") = "play", "play\play.vcxproj", "{1045B065-E38B-46E2-BAA6-23E93E1D5CCA}"
EndProject
Global
	GlobalSection(SolutionConfigurationPlatforms) = preSolution
		Debug|x64 = Debug|x64
		Debug|x86 = Debug|x86
		Release|x64 = Release|x64
		Release|x86 = Release|x86
	EndGlobalSection
	GlobalSection(ProjectConfigurationPlatforms) = postSolution
		{7DD55327-3E15-40A0-8C11-E5523DA51A19}.Debug|x64.ActiveCfg = Debug|x64
		{7DD55327-3E15-40A0-8C11-E5523DA51A19}.Debug|x64.Build.0 = Debug|x64
		{7DD55327-3E15-40A0-8C11-E5523DA51A19}.Debug|x86.ActiveCfg = Debug|Win32
		{7DD55327-3E15-40A0-8C11-E5523DA51A19}.Debug|x86.Build.0 = Debug|Win32
		{7DD55327-3E15-40A0-8C11-E5523DA51A19}.Release|x64.ActiveCfg = Release|x64
		{7DD55327-3E15-40A0-8C11-E5523DA51A19}.Release|x64.Build.0 = Release|x64
		{7DD55327-3E15-40A0-8C11-E5523DA51A19}.Release|x86.ActiveCfg = Release|Win32
		{7DD55327-3E15-40A0-8C11-E5523DA51A19}.Release|x86.Build.0 = Release|Win32
		{5672DA23-B37B-422C-AA62-30ABEFE4876C}.Debug|x64.ActiveCfg = Debug|x64
		{5672DA23-B37B-422C-AA62-30ABEFE4876C}.Debug|x64.Build.0 = Debug|x64
		{5672DA23-B37B-422C-AA62-30ABEFE4876C}.Debug|x86.ActiveCfg = Debug|Win32
		{5672DA23-B37B-422C-AA62-30ABEFE4876C}.Debug|x86.Build.0 = Debug|Win32
		{5672DA23-B37B-422C-AA62-30ABEFE4876C}.Release|x64.ActiveCfg = Release|x64
		{5672DA23-B37B-422C-AA62-30ABEFE4876C}.Release|x64.Build.0 = Release|x64
		{5672DA23-B37B-422C-AA62-30ABEFE4876C}.Release|x86.ActiveCfg = Release|Win32
		{5672DA23-B37B-422C-AA62-30ABEFE4876C}.Release|x86.Build.0 = Release|Win32
		{05074620-AF1F-45BF-992C-C24E95387C63}.Debug|x64.ActiveCfg = Debug|x64
		{05074620-AF1F-45BF-992C-C24E95387C63}.Debug|x64.Build.0 = Debug|x64
		{05074620-AF1F-45BF-992C-C24E95387C63}.Debug|x86.ActiveCfg = Debug|Win32
		{05074620-AF1F-45BF-992C-C24E95387C63}.Debug|x86.Build.0 = Debug|Win32
		{05074620-AF1F-45BF-992C-C24E95387C63}.Release|x64.ActiveCfg = Release|x64
		{05074620-AF1F-45BF-992C-C24E95387C63}.Release|x64.Build.0 = Release|x64
		{05074620-AF1F-45BF-992C-C24E95387C63}.Release|x86.ActiveCfg = Release|Win32
		{05074620-AF1F-45BF-992C-C24E95387C63}.Release|x86.Build.0 = Release|Win32
		{1045B065-E38B-46E2-BAA6-23E93E1D5CCA}.Debug|x64.ActiveCfg = Debug|x64
		{1045B065-E38B-46E2-BAA6-23E93E1D5CCA}.Debug|x64.Build.0 = Debug|x64
		{1045B065-E38B-46E2-BAA6-23E93E1D5CCA}.Debug|x86.ActiveCfg = Debug|Win32
		{1045B065-E38B-46E2-BAA6-23E93E1D5CCA}.Debug|x86.Build.0 = Debug|Win32
		{1045B065-E38B-46E2-BAA6-23E93E1D5CCA}.Release|x64.ActiveCfg = Release|x64
		{1045B065-E38B-46E2-BAA6-23E93E1D5CCA}.Release|x64.Build.0 = Release|x64
		{1045B065-E38B-46E2-BAA6-23E93E1D5CCA}.Release|x86.ActiveCfg = Release|Win32
		{1045B065-E38B-46E2-BAA6-23E93E1D5CCA}.Release|x86.Build.0 = Release|Win32
	EndGlobalSection
	GlobalSection(SolutionProperties) = preSolution
		HideSolutionNode = FALSE
	EndGlobalSection
	GlobalSection(ExtensibilityGlobals) = postSolution
		SolutionGuid = {FE2F5637-C5C5-4311-9AC5-A45A96C036D4}
	EndGlobalSection
EndGlobal
